PODS:
  - Flutter (1.0.0)
  - flutterpluginmemorytest (0.0.1):
    - Flutter

DEPENDENCIES:
  - Flutter (from `Flutter`)
  - flutterpluginmemorytest (from `.symlinks/plugins/flutterpluginmemorytest/ios`)

EXTERNAL SOURCES:
  Flutter:
    :path: Flutter
  flutterpluginmemorytest:
    :path: ".symlinks/plugins/flutterpluginmemorytest/ios"

SPEC CHECKSUMS:
  Flutter: 0e3d915762c693b495b44d77113d4970485de6ec
  flutterpluginmemorytest: 4148aca849715db5227a4f00c731a1086618e48b

PODFILE CHECKSUM: 1b66dae606f75376c5f2135a8290850eeb09ae83

COCOAPODS: 1.8.4
